// !$*UTF8*$!
{
	archiveVersion = 1;
	classes = {
	};
	objectVersion = 56;
	objects = {

/* Begin PBXBuildFile section */
		431562EB29555B7200FBB4FD /* TestView.swift in Sources */ = {isa = PBXBuildFile; fileRef = 431562EA29555B7100FBB4FD /* TestView.swift */; };
		4329B359295C8969008F5C38 /* Slider circuiar.swift in Sources */ = {isa = PBXBuildFile; fileRef = 4329B358295C8969008F5C38 /* Slider circuiar.swift */; };
		433594C6298A399400598DFD /* Student.swift in Sources */ = {isa = PBXBuildFile; fileRef = 433594C5298A399400598DFD /* Student.swift */; };
		4347FEB42999DF45002F9196 /* GoogleService-Info.plist in Resources */ = {isa = PBXBuildFile; fileRef = 4347FEB32999DF45002F9196 /* GoogleService-Info.plist */; };
		4347FEB62999E058002F9196 /* Multiplechoicemanager.swift in Sources */ = {isa = PBXBuildFile; fileRef = 4347FEB52999E058002F9196 /* Multiplechoicemanager.swift */; };
		4347FEB82999E0A6002F9196 /* Multiplechoicesetting.swift in Sources */ = {isa = PBXBuildFile; fileRef = 4347FEB72999E0A6002F9196 /* Multiplechoicesetting.swift */; };
		43BF1A7F297ECF8E00BDC7E0 /* ImageView.swift in Sources */ = {isa = PBXBuildFile; fileRef = 43BF1A7E297ECF8E00BDC7E0 /* ImageView.swift */; };
		43E523A7298E34CA00C3A457 /* AppDelegate.swift in Sources */ = {isa = PBXBuildFile; fileRef = 43E523A6298E34CA00C3A457 /* AppDelegate.swift */; };
		E242B541294891CE00AF6FE6 /* FirstgradeView.swift in Sources */ = {isa = PBXBuildFile; fileRef = E242B540294891CE00AF6FE6 /* FirstgradeView.swift */; };
		E242B543294892A200AF6FE6 /* SencondgradeView.swift in Sources */ = {isa = PBXBuildFile; fileRef = E242B542294892A200AF6FE6 /* SencondgradeView.swift */; };
		E242B545294895F700AF6FE6 /* ThirdgradeView.swift in Sources */ = {isa = PBXBuildFile; fileRef = E242B544294895F700AF6FE6 /* ThirdgradeView.swift */; };
		E242B5472948990B00AF6FE6 /* ToMaToView.swift in Sources */ = {isa = PBXBuildFile; fileRef = E242B5462948990B00AF6FE6 /* ToMaToView.swift */; };
		E242B5492948997700AF6FE6 /* Multiplechoice.swift in Sources */ = {isa = PBXBuildFile; fileRef = E242B5482948997700AF6FE6 /* Multiplechoice.swift */; };
		E242B54B294899B700AF6FE6 /* Schedule.swift in Sources */ = {isa = PBXBuildFile; fileRef = E242B54A294899B700AF6FE6 /* Schedule.swift */; };
		E242B54D29489C2F00AF6FE6 /* Wrongquestion.swift in Sources */ = {isa = PBXBuildFile; fileRef = E242B54C29489C2F00AF6FE6 /* Wrongquestion.swift */; };
		E24C678F294B16A900D54E03 /* BottomView.swift in Sources */ = {isa = PBXBuildFile; fileRef = E24C678E294B16A900D54E03 /* BottomView.swift */; };
		E24C6791294B1C6C00D54E03 /* HomeView.swift in Sources */ = {isa = PBXBuildFile; fileRef = E24C6790294B1C6C00D54E03 /* HomeView.swift */; };
		E26FEADD2941730C00FDEAAF /* TheFirstAPPApp.swift in Sources */ = {isa = PBXBuildFile; fileRef = E26FEADC2941730C00FDEAAF /* TheFirstAPPApp.swift */; };
		E26FEADF2941730C00FDEAAF /* ContentView.swift in Sources */ = {isa = PBXBuildFile; fileRef = E26FEADE2941730C00FDEAAF /* ContentView.swift */; };
		E26FEAE12941731000FDEAAF /* Assets.xcassets in Resources */ = {isa = PBXBuildFile; fileRef = E26FEAE02941731000FDEAAF /* Assets.xcassets */; };
		E26FEAE42941731000FDEAAF /* Preview Assets.xcassets in Resources */ = {isa = PBXBuildFile; fileRef = E26FEAE32941731000FDEAAF /* Preview Assets.xcassets */; };
		EC1E865A295964060097CA84 /* ScheduleView.swift in Sources */ = {isa = PBXBuildFile; fileRef = EC1E8659295964060097CA84 /* ScheduleView.swift */; };
		EC2365D0296D05F500C34D43 /* Wrongquestiontitle.swift in Sources */ = {isa = PBXBuildFile; fileRef = EC2365CF296D05F500C34D43 /* Wrongquestiontitle.swift */; };
		EC2365D2296D076700C34D43 /* Wrongmanager.swift in Sources */ = {isa = PBXBuildFile; fileRef = EC2365D1296D076700C34D43 /* Wrongmanager.swift */; };
		ECA956732962EE39007408FF /* LoagImg in Resources */ = {isa = PBXBuildFile; fileRef = ECA956722962EE39007408FF /* LoagImg */; };
		ECA956752962EEC4007408FF /* AddImage.swift in Sources */ = {isa = PBXBuildFile; fileRef = ECA956742962EEC4007408FF /* AddImage.swift */; };
		ECA956772962F4D8007408FF /* ScheduleList2.swift in Sources */ = {isa = PBXBuildFile; fileRef = ECA956762962F4D8007408FF /* ScheduleList2.swift */; };
		ECA9567A29646552007408FF /* FirebaseFirestoreCombine-Community in Frameworks */ = {isa = PBXBuildFile; productRef = ECA9567929646552007408FF /* FirebaseFirestoreCombine-Community */; };
		ECA9567C29646562007408FF /* FirebaseFirestore in Frameworks */ = {isa = PBXBuildFile; productRef = ECA9567B29646562007408FF /* FirebaseFirestore */; };
		ECA9567E2964661B007408FF /* FirebaseAuth in Frameworks */ = {isa = PBXBuildFile; productRef = ECA9567D2964661B007408FF /* FirebaseAuth */; };
		ECA956802964663B007408FF /* FirebaseFirestoreSwift in Frameworks */ = {isa = PBXBuildFile; productRef = ECA9567F2964663B007408FF /* FirebaseFirestoreSwift */; };
		ECA956822964664D007408FF /* FirebaseStorageCombine-Community in Frameworks */ = {isa = PBXBuildFile; productRef = ECA956812964664D007408FF /* FirebaseStorageCombine-Community */; };
		ECA9568429646682007408FF /* FirebaseStorage in Frameworks */ = {isa = PBXBuildFile; productRef = ECA9568329646682007408FF /* FirebaseStorage */; };
		ECA9568629690A44007408FF /* ScheduleListMain.swift in Sources */ = {isa = PBXBuildFile; fileRef = ECA9568529690A43007408FF /* ScheduleListMain.swift */; };
		ECA9568A296A9B10007408FF /* NewStudent.swift in Sources */ = {isa = PBXBuildFile; fileRef = ECA95689296A9B10007408FF /* NewStudent.swift */; };
		ECA9568C296C42F1007408FF /* ImageTest.swift in Sources */ = {isa = PBXBuildFile; fileRef = ECA9568B296C42F1007408FF /* ImageTest.swift */; };
		ECB6086B2950A3120052AF45 /* 番茄鈴聲.mp3 in Resources */ = {isa = PBXBuildFile; fileRef = ECB6086A2950A3120052AF45 /* 番茄鈴聲.mp3 */; };
		ECDC0DB42958362200886B3F /* ScheduleList.swift in Sources */ = {isa = PBXBuildFile; fileRef = ECDC0DB32958362200886B3F /* ScheduleList.swift */; };
/* End PBXBuildFile section */

/* Begin PBXFileReference section */
		431562EA29555B7100FBB4FD /* TestView.swift */ = {isa = PBXFileReference; lastKnownFileType = sourcecode.swift; path = TestView.swift; sourceTree = "<group>"; };
		4329B358295C8969008F5C38 /* Slider circuiar.swift */ = {isa = PBXFileReference; lastKnownFileType = sourcecode.swift; path = "Slider circuiar.swift"; sourceTree = "<group>"; };
		433594C5298A399400598DFD /* Student.swift */ = {isa = PBXFileReference; lastKnownFileType = sourcecode.swift; path = Student.swift; sourceTree = "<group>"; };
		4347FEB32999DF45002F9196 /* GoogleService-Info.plist */ = {isa = PBXFileReference; fileEncoding = 4; lastKnownFileType = text.plist.xml; name = "GoogleService-Info.plist"; path = "../../../Downloads/GoogleService-Info.plist"; sourceTree = "<group>"; };
		4347FEB52999E058002F9196 /* Multiplechoicemanager.swift */ = {isa = PBXFileReference; lastKnownFileType = sourcecode.swift; path = Multiplechoicemanager.swift; sourceTree = "<group>"; };
		4347FEB72999E0A6002F9196 /* Multiplechoicesetting.swift */ = {isa = PBXFileReference; lastKnownFileType = sourcecode.swift; path = Multiplechoicesetting.swift; sourceTree = "<group>"; };
		43BF1A7E297ECF8E00BDC7E0 /* ImageView.swift */ = {isa = PBXFileReference; lastKnownFileType = sourcecode.swift; path = ImageView.swift; sourceTree = "<group>"; };
		43E523A6298E34CA00C3A457 /* AppDelegate.swift */ = {isa = PBXFileReference; lastKnownFileType = sourcecode.swift; path = AppDelegate.swift; sourceTree = "<group>"; };
		E242B540294891CE00AF6FE6 /* FirstgradeView.swift */ = {isa = PBXFileReference; lastKnownFileType = sourcecode.swift; path = FirstgradeView.swift; sourceTree = "<group>"; };
		E242B542294892A200AF6FE6 /* SencondgradeView.swift */ = {isa = PBXFileReference; lastKnownFileType = sourcecode.swift; path = SencondgradeView.swift; sourceTree = "<group>"; };
		E242B544294895F700AF6FE6 /* ThirdgradeView.swift */ = {isa = PBXFileReference; lastKnownFileType = sourcecode.swift; path = ThirdgradeView.swift; sourceTree = "<group>"; };
		E242B5462948990B00AF6FE6 /* ToMaToView.swift */ = {isa = PBXFileReference; lastKnownFileType = sourcecode.swift; path = ToMaToView.swift; sourceTree = "<group>"; };
		E242B5482948997700AF6FE6 /* Multiplechoice.swift */ = {isa = PBXFileReference; lastKnownFileType = sourcecode.swift; path = Multiplechoice.swift; sourceTree = "<group>"; };
		E242B54A294899B700AF6FE6 /* Schedule.swift */ = {isa = PBXFileReference; lastKnownFileType = sourcecode.swift; path = Schedule.swift; sourceTree = "<group>"; };
		E242B54C29489C2F00AF6FE6 /* Wrongquestion.swift */ = {isa = PBXFileReference; lastKnownFileType = sourcecode.swift; path = Wrongquestion.swift; sourceTree = "<group>"; };
		E24C678E294B16A900D54E03 /* BottomView.swift */ = {isa = PBXFileReference; lastKnownFileType = sourcecode.swift; path = BottomView.swift; sourceTree = "<group>"; };
		E24C6790294B1C6C00D54E03 /* HomeView.swift */ = {isa = PBXFileReference; lastKnownFileType = sourcecode.swift; path = HomeView.swift; sourceTree = "<group>"; };
		E26FEAD92941730C00FDEAAF /* TheFirstAPP.app */ = {isa = PBXFileReference; explicitFileType = wrapper.application; includeInIndex = 0; path = TheFirstAPP.app; sourceTree = BUILT_PRODUCTS_DIR; };
		E26FEADC2941730C00FDEAAF /* TheFirstAPPApp.swift */ = {isa = PBXFileReference; lastKnownFileType = sourcecode.swift; path = TheFirstAPPApp.swift; sourceTree = "<group>"; };
		E26FEADE2941730C00FDEAAF /* ContentView.swift */ = {isa = PBXFileReference; lastKnownFileType = sourcecode.swift; path = ContentView.swift; sourceTree = "<group>"; };
		E26FEAE02941731000FDEAAF /* Assets.xcassets */ = {isa = PBXFileReference; lastKnownFileType = folder.assetcatalog; path = Assets.xcassets; sourceTree = "<group>"; };
		E26FEAE32941731000FDEAAF /* Preview Assets.xcassets */ = {isa = PBXFileReference; lastKnownFileType = folder.assetcatalog; path = "Preview Assets.xcassets"; sourceTree = "<group>"; };
		EC1E8659295964060097CA84 /* ScheduleView.swift */ = {isa = PBXFileReference; lastKnownFileType = sourcecode.swift; path = ScheduleView.swift; sourceTree = "<group>"; };
		EC2365CF296D05F500C34D43 /* Wrongquestiontitle.swift */ = {isa = PBXFileReference; lastKnownFileType = sourcecode.swift; path = Wrongquestiontitle.swift; sourceTree = "<group>"; };
		EC2365D1296D076700C34D43 /* Wrongmanager.swift */ = {isa = PBXFileReference; lastKnownFileType = sourcecode.swift; path = Wrongmanager.swift; sourceTree = "<group>"; };
		ECA956722962EE39007408FF /* LoagImg */ = {isa = PBXFileReference; lastKnownFileType = folder; path = LoagImg; sourceTree = "<group>"; };
		ECA956742962EEC4007408FF /* AddImage.swift */ = {isa = PBXFileReference; lastKnownFileType = sourcecode.swift; path = AddImage.swift; sourceTree = "<group>"; };
		ECA956762962F4D8007408FF /* ScheduleList2.swift */ = {isa = PBXFileReference; lastKnownFileType = sourcecode.swift; path = ScheduleList2.swift; sourceTree = "<group>"; };
		ECA9568529690A43007408FF /* ScheduleListMain.swift */ = {isa = PBXFileReference; lastKnownFileType = sourcecode.swift; path = ScheduleListMain.swift; sourceTree = "<group>"; };
		ECA95689296A9B10007408FF /* NewStudent.swift */ = {isa = PBXFileReference; lastKnownFileType = sourcecode.swift; path = NewStudent.swift; sourceTree = "<group>"; };
		ECA9568B296C42F1007408FF /* ImageTest.swift */ = {isa = PBXFileReference; lastKnownFileType = sourcecode.swift; path = ImageTest.swift; sourceTree = "<group>"; };
		ECB6086A2950A3120052AF45 /* 番茄鈴聲.mp3 */ = {isa = PBXFileReference; lastKnownFileType = audio.mp3; path = "番茄鈴聲.mp3"; sourceTree = "<group>"; };
		ECDC0DB32958362200886B3F /* ScheduleList.swift */ = {isa = PBXFileReference; lastKnownFileType = sourcecode.swift; path = ScheduleList.swift; sourceTree = "<group>"; };
/* End PBXFileReference section */

/* Begin PBXFrameworksBuildPhase section */
		E26FEAD62941730C00FDEAAF /* Frameworks */ = {
			isa = PBXFrameworksBuildPhase;
			buildActionMask = 2147483647;
			files = (
				ECA9567A29646552007408FF /* FirebaseFirestoreCombine-Community in Frameworks */,
				ECA9567E2964661B007408FF /* FirebaseAuth in Frameworks */,
				ECA956822964664D007408FF /* FirebaseStorageCombine-Community in Frameworks */,
				ECA9567C29646562007408FF /* FirebaseFirestore in Frameworks */,
				ECA956802964663B007408FF /* FirebaseFirestoreSwift in Frameworks */,
				ECA9568429646682007408FF /* FirebaseStorage in Frameworks */,
			);
			runOnlyForDeploymentPostprocessing = 0;
		};
/* End PBXFrameworksBuildPhase section */

/* Begin PBXGroup section */
		4329B357295C8915008F5C38 /* tthe videos Example */ = {
			isa = PBXGroup;
			children = (
				431562EA29555B7100FBB4FD /* TestView.swift */,
				4329B358295C8969008F5C38 /* Slider circuiar.swift */,
			);
			path = "tthe videos Example";
			sourceTree = "<group>";
		};
		E24C6792294CA7AE00D54E03 /* Mode */ = {
			isa = PBXGroup;
			children = (
				ECB6086A2950A3120052AF45 /* 番茄鈴聲.mp3 */,
				E242B5462948990B00AF6FE6 /* ToMaToView.swift */,
				E242B5482948997700AF6FE6 /* Multiplechoice.swift */,
				4347FEB52999E058002F9196 /* Multiplechoicemanager.swift */,
				4347FEB72999E0A6002F9196 /* Multiplechoicesetting.swift */,
				ECA9568529690A43007408FF /* ScheduleListMain.swift */,
				E242B54A294899B700AF6FE6 /* Schedule.swift */,
				ECDC0DB32958362200886B3F /* ScheduleList.swift */,
				ECA956762962F4D8007408FF /* ScheduleList2.swift */,
				EC1E8659295964060097CA84 /* ScheduleView.swift */,
				E242B54C29489C2F00AF6FE6 /* Wrongquestion.swift */,
				EC2365CF296D05F500C34D43 /* Wrongquestiontitle.swift */,
				EC2365D1296D076700C34D43 /* Wrongmanager.swift */,
				E24C6790294B1C6C00D54E03 /* HomeView.swift */,
				ECA9568B296C42F1007408FF /* ImageTest.swift */,
				ECA956742962EEC4007408FF /* AddImage.swift */,
				433594C5298A399400598DFD /* Student.swift */,
				43BF1A7E297ECF8E00BDC7E0 /* ImageView.swift */,
				43E523A6298E34CA00C3A457 /* AppDelegate.swift */,
			);
			path = Mode;
			sourceTree = "<group>";
		};
		E26FEAD02941730C00FDEAAF = {
			isa = PBXGroup;
			children = (
				E26FEADB2941730C00FDEAAF /* TheFirstAPP */,
				E26FEADA2941730C00FDEAAF /* Products */,
				ECA9567829646552007408FF /* Firebase */,
			);
			sourceTree = "<group>";
		};
		E26FEADA2941730C00FDEAAF /* Products */ = {
			isa = PBXGroup;
			children = (
				E26FEAD92941730C00FDEAAF /* TheFirstAPP.app */,
			);
			name = Products;
			sourceTree = "<group>";
		};
		E26FEADB2941730C00FDEAAF /* TheFirstAPP */ = {
			isa = PBXGroup;
			children = (
				4347FEB32999DF45002F9196 /* GoogleService-Info.plist */,
				4329B357295C8915008F5C38 /* tthe videos Example */,
				E2ED04FE2948AE52000A234B /* GradeView */,
				E24C6792294CA7AE00D54E03 /* Mode */,
				E26FEADC2941730C00FDEAAF /* TheFirstAPPApp.swift */,
				E24C678E294B16A900D54E03 /* BottomView.swift */,
				E26FEADE2941730C00FDEAAF /* ContentView.swift */,
				E26FEAE02941731000FDEAAF /* Assets.xcassets */,
				E26FEAE22941731000FDEAAF /* Preview Content */,
			);
			path = TheFirstAPP;
			sourceTree = "<group>";
		};
		E26FEAE22941731000FDEAAF /* Preview Content */ = {
			isa = PBXGroup;
			children = (
				E26FEAE32941731000FDEAAF /* Preview Assets.xcassets */,
			);
			path = "Preview Content";
			sourceTree = "<group>";
		};
		E2ED04FE2948AE52000A234B /* GradeView */ = {
			isa = PBXGroup;
			children = (
				E242B540294891CE00AF6FE6 /* FirstgradeView.swift */,
				E242B542294892A200AF6FE6 /* SencondgradeView.swift */,
				E242B544294895F700AF6FE6 /* ThirdgradeView.swift */,
			);
			name = GradeView;
			sourceTree = "<group>";
		};
		ECA9567829646552007408FF /* Firebase */ = {
			isa = PBXGroup;
			children = (
				ECA956722962EE39007408FF /* LoagImg */,
				ECA95689296A9B10007408FF /* NewStudent.swift */,
			);
			name = Firebase;
			sourceTree = "<group>";
		};
/* End PBXGroup section */

/* Begin PBXNativeTarget section */
		E26FEAD82941730C00FDEAAF /* TheFirstAPP */ = {
			isa = PBXNativeTarget;
			buildConfigurationList = E26FEAE72941731000FDEAAF /* Build configuration list for PBXNativeTarget "TheFirstAPP" */;
			buildPhases = (
				E26FEAD52941730C00FDEAAF /* Sources */,
				E26FEAD62941730C00FDEAAF /* Frameworks */,
				E26FEAD72941730C00FDEAAF /* Resources */,
			);
			buildRules = (
			);
			dependencies = (
			);
			name = TheFirstAPP;
			packageProductDependencies = (
				ECA9567929646552007408FF /* FirebaseFirestoreCombine-Community */,
				ECA9567B29646562007408FF /* FirebaseFirestore */,
				ECA9567D2964661B007408FF /* FirebaseAuth */,
				ECA9567F2964663B007408FF /* FirebaseFirestoreSwift */,
				ECA956812964664D007408FF /* FirebaseStorageCombine-Community */,
				ECA9568329646682007408FF /* FirebaseStorage */,
			);
			productName = TheFirstAPP;
			productReference = E26FEAD92941730C00FDEAAF /* TheFirstAPP.app */;
			productType = "com.apple.product-type.application";
		};
/* End PBXNativeTarget section */

/* Begin PBXProject section */
		E26FEAD12941730C00FDEAAF /* Project object */ = {
			isa = PBXProject;
			attributes = {
				BuildIndependentTargetsInParallel = 1;
				LastSwiftUpdateCheck = 1410;
				LastUpgradeCheck = 1420;
				TargetAttributes = {
					E26FEAD82941730C00FDEAAF = {
						CreatedOnToolsVersion = 14.1;
					};
				};
			};
			buildConfigurationList = E26FEAD42941730C00FDEAAF /* Build configuration list for PBXProject "TheFirstAPP" */;
			compatibilityVersion = "Xcode 14.0";
			developmentRegion = en;
			hasScannedForEncodings = 0;
			knownRegions = (
				en,
				Base,
				"zh-Hant-TW",
			);
			mainGroup = E26FEAD02941730C00FDEAAF;
			packageReferences = (
				ECB6085929501BD70052AF45 /* XCRemoteSwiftPackageReference "firebase-ios-sdk" */,
			);
			productRefGroup = E26FEADA2941730C00FDEAAF /* Products */;
			projectDirPath = "";
			projectRoot = "";
			targets = (
				E26FEAD82941730C00FDEAAF /* TheFirstAPP */,
			);
		};
/* End PBXProject section */

/* Begin PBXResourcesBuildPhase section */
		E26FEAD72941730C00FDEAAF /* Resources */ = {
			isa = PBXResourcesBuildPhase;
			buildActionMask = 2147483647;
			files = (
				ECA956732962EE39007408FF /* LoagImg in Resources */,
				ECB6086B2950A3120052AF45 /* 番茄鈴聲.mp3 in Resources */,
				4347FEB42999DF45002F9196 /* GoogleService-Info.plist in Resources */,
				E26FEAE42941731000FDEAAF /* Preview Assets.xcassets in Resources */,
				E26FEAE12941731000FDEAAF /* Assets.xcassets in Resources */,
			);
			runOnlyForDeploymentPostprocessing = 0;
		};
/* End PBXResourcesBuildPhase section */

/* Begin PBXSourcesBuildPhase section */
		E26FEAD52941730C00FDEAAF /* Sources */ = {
			isa = PBXSourcesBuildPhase;
			buildActionMask = 2147483647;
			files = (
				431562EB29555B7200FBB4FD /* TestView.swift in Sources */,
				EC2365D2296D076700C34D43 /* Wrongmanager.swift in Sources */,
				4329B359295C8969008F5C38 /* Slider circuiar.swift in Sources */,
				E242B5472948990B00AF6FE6 /* ToMaToView.swift in Sources */,
				4347FEB62999E058002F9196 /* Multiplechoicemanager.swift in Sources */,
				ECA9568A296A9B10007408FF /* NewStudent.swift in Sources */,
				E242B545294895F700AF6FE6 /* ThirdgradeView.swift in Sources */,
				ECA9568C296C42F1007408FF /* ImageTest.swift in Sources */,
				433594C6298A399400598DFD /* Student.swift in Sources */,
				E242B541294891CE00AF6FE6 /* FirstgradeView.swift in Sources */,
				ECA956752962EEC4007408FF /* AddImage.swift in Sources */,
				ECA956772962F4D8007408FF /* ScheduleList2.swift in Sources */,
				ECA9568629690A44007408FF /* ScheduleListMain.swift in Sources */,
				4347FEB82999E0A6002F9196 /* Multiplechoicesetting.swift in Sources */,
				E242B543294892A200AF6FE6 /* SencondgradeView.swift in Sources */,
				43E523A7298E34CA00C3A457 /* AppDelegate.swift in Sources */,
				43BF1A7F297ECF8E00BDC7E0 /* ImageView.swift in Sources */,
				E26FEADF2941730C00FDEAAF /* ContentView.swift in Sources */,
				E24C6791294B1C6C00D54E03 /* HomeView.swift in Sources */,
				E242B54D29489C2F00AF6FE6 /* Wrongquestion.swift in Sources */,
				E242B5492948997700AF6FE6 /* Multiplechoice.swift in Sources */,
				E242B54B294899B700AF6FE6 /* Schedule.swift in Sources */,
				EC2365D0296D05F500C34D43 /* Wrongquestiontitle.swift in Sources */,
				E26FEADD2941730C00FDEAAF /* TheFirstAPPApp.swift in Sources */,
				ECDC0DB42958362200886B3F /* ScheduleList.swift in Sources */,
				EC1E865A295964060097CA84 /* ScheduleView.swift in Sources */,
				E24C678F294B16A900D54E03 /* BottomView.swift in Sources */,
			);
			runOnlyForDeploymentPostprocessing = 0;
		};
/* End PBXSourcesBuildPhase section */

/* Begin XCBuildConfiguration section */
		E26FEAE52941731000FDEAAF /* Debug */ = {
			isa = XCBuildConfiguration;
			buildSettings = {
				ALWAYS_SEARCH_USER_PATHS = NO;
				CLANG_ANALYZER_LOCALIZABILITY_NONLOCALIZED = YES;
				CLANG_ANALYZER_NONNULL = YES;
				CLANG_ANALYZER_NUMBER_OBJECT_CONVERSION = YES_AGGRESSIVE;
				CLANG_CXX_LANGUAGE_STANDARD = "gnu++20";
				CLANG_ENABLE_MODULES = YES;
				CLANG_ENABLE_OBJC_ARC = YES;
				CLANG_ENABLE_OBJC_WEAK = YES;
				CLANG_WARN_BLOCK_CAPTURE_AUTORELEASING = YES;
				CLANG_WARN_BOOL_CONVERSION = YES;
				CLANG_WARN_COMMA = YES;
				CLANG_WARN_CONSTANT_CONVERSION = YES;
				CLANG_WARN_DEPRECATED_OBJC_IMPLEMENTATIONS = YES;
				CLANG_WARN_DIRECT_OBJC_ISA_USAGE = YES_ERROR;
				CLANG_WARN_DOCUMENTATION_COMMENTS = YES;
				CLANG_WARN_EMPTY_BODY = YES;
				CLANG_WARN_ENUM_CONVERSION = YES;
				CLANG_WARN_INFINITE_RECURSION = YES;
				CLANG_WARN_INT_CONVERSION = YES;
				CLANG_WARN_NON_LITERAL_NULL_CONVERSION = YES;
				CLANG_WARN_OBJC_IMPLICIT_RETAIN_SELF = YES;
				CLANG_WARN_OBJC_LITERAL_CONVERSION = YES;
				CLANG_WARN_OBJC_ROOT_CLASS = YES_ERROR;
				CLANG_WARN_QUOTED_INCLUDE_IN_FRAMEWORK_HEADER = YES;
				CLANG_WARN_RANGE_LOOP_ANALYSIS = YES;
				CLANG_WARN_STRICT_PROTOTYPES = YES;
				CLANG_WARN_SUSPICIOUS_MOVE = YES;
				CLANG_WARN_UNGUARDED_AVAILABILITY = YES_AGGRESSIVE;
				CLANG_WARN_UNREACHABLE_CODE = YES;
				CLANG_WARN__DUPLICATE_METHOD_MATCH = YES;
				COPY_PHASE_STRIP = NO;
				DEBUG_INFORMATION_FORMAT = dwarf;
				ENABLE_STRICT_OBJC_MSGSEND = YES;
				ENABLE_TESTABILITY = YES;
				GCC_C_LANGUAGE_STANDARD = gnu11;
				GCC_DYNAMIC_NO_PIC = NO;
				GCC_NO_COMMON_BLOCKS = YES;
				GCC_OPTIMIZATION_LEVEL = 0;
				GCC_PREPROCESSOR_DEFINITIONS = (
					"DEBUG=1",
					"$(inherited)",
				);
				GCC_WARN_64_TO_32_BIT_CONVERSION = YES;
				GCC_WARN_ABOUT_RETURN_TYPE = YES_ERROR;
				GCC_WARN_UNDECLARED_SELECTOR = YES;
				GCC_WARN_UNINITIALIZED_AUTOS = YES_AGGRESSIVE;
				GCC_WARN_UNUSED_FUNCTION = YES;
				GCC_WARN_UNUSED_VARIABLE = YES;
				IPHONEOS_DEPLOYMENT_TARGET = 16.0;
				MTL_ENABLE_DEBUG_INFO = INCLUDE_SOURCE;
				MTL_FAST_MATH = YES;
				ONLY_ACTIVE_ARCH = YES;
				SDKROOT = iphoneos;
				SWIFT_ACTIVE_COMPILATION_CONDITIONS = DEBUG;
				SWIFT_OPTIMIZATION_LEVEL = "-Onone";
			};
			name = Debug;
		};
		E26FEAE62941731000FDEAAF /* Release */ = {
			isa = XCBuildConfiguration;
			buildSettings = {
				ALWAYS_SEARCH_USER_PATHS = NO;
				CLANG_ANALYZER_LOCALIZABILITY_NONLOCALIZED = YES;
				CLANG_ANALYZER_NONNULL = YES;
				CLANG_ANALYZER_NUMBER_OBJECT_CONVERSION = YES_AGGRESSIVE;
				CLANG_CXX_LANGUAGE_STANDARD = "gnu++20";
				CLANG_ENABLE_MODULES = YES;
				CLANG_ENABLE_OBJC_ARC = YES;
				CLANG_ENABLE_OBJC_WEAK = YES;
				CLANG_WARN_BLOCK_CAPTURE_AUTORELEASING = YES;
				CLANG_WARN_BOOL_CONVERSION = YES;
				CLANG_WARN_COMMA = YES;
				CLANG_WARN_CONSTANT_CONVERSION = YES;
				CLANG_WARN_DEPRECATED_OBJC_IMPLEMENTATIONS = YES;
				CLANG_WARN_DIRECT_OBJC_ISA_USAGE = YES_ERROR;
				CLANG_WARN_DOCUMENTATION_COMMENTS = YES;
				CLANG_WARN_EMPTY_BODY = YES;
				CLANG_WARN_ENUM_CONVERSION = YES;
				CLANG_WARN_INFINITE_RECURSION = YES;
				CLANG_WARN_INT_CONVERSION = YES;
				CLANG_WARN_NON_LITERAL_NULL_CONVERSION = YES;
				CLANG_WARN_OBJC_IMPLICIT_RETAIN_SELF = YES;
				CLANG_WARN_OBJC_LITERAL_CONVERSION = YES;
				CLANG_WARN_OBJC_ROOT_CLASS = YES_ERROR;
				CLANG_WARN_QUOTED_INCLUDE_IN_FRAMEWORK_HEADER = YES;
				CLANG_WARN_RANGE_LOOP_ANALYSIS = YES;
				CLANG_WARN_STRICT_PROTOTYPES = YES;
				CLANG_WARN_SUSPICIOUS_MOVE = YES;
				CLANG_WARN_UNGUARDED_AVAILABILITY = YES_AGGRESSIVE;
				CLANG_WARN_UNREACHABLE_CODE = YES;
				CLANG_WARN__DUPLICATE_METHOD_MATCH = YES;
				COPY_PHASE_STRIP = NO;
				DEBUG_INFORMATION_FORMAT = "dwarf-with-dsym";
				ENABLE_NS_ASSERTIONS = NO;
				ENABLE_STRICT_OBJC_MSGSEND = YES;
				GCC_C_LANGUAGE_STANDARD = gnu11;
				GCC_NO_COMMON_BLOCKS = YES;
				GCC_WARN_64_TO_32_BIT_CONVERSION = YES;
				GCC_WARN_ABOUT_RETURN_TYPE = YES_ERROR;
				GCC_WARN_UNDECLARED_SELECTOR = YES;
				GCC_WARN_UNINITIALIZED_AUTOS = YES_AGGRESSIVE;
				GCC_WARN_UNUSED_FUNCTION = YES;
				GCC_WARN_UNUSED_VARIABLE = YES;
				IPHONEOS_DEPLOYMENT_TARGET = 16.0;
				MTL_ENABLE_DEBUG_INFO = NO;
				MTL_FAST_MATH = YES;
				SDKROOT = iphoneos;
				SWIFT_COMPILATION_MODE = wholemodule;
				SWIFT_OPTIMIZATION_LEVEL = "-O";
				VALIDATE_PRODUCT = YES;
			};
			name = Release;
		};
		E26FEAE82941731000FDEAAF /* Debug */ = {
			isa = XCBuildConfiguration;
			buildSettings = {
				ASSETCATALOG_COMPILER_APPICON_NAME = AppIcon;
				ASSETCATALOG_COMPILER_GLOBAL_ACCENT_COLOR_NAME = AccentColor;
				CODE_SIGN_STYLE = Automatic;
				CURRENT_PROJECT_VERSION = 1;
				DEVELOPMENT_ASSET_PATHS = "\"TheFirstAPP/Preview Content\"";
				DEVELOPMENT_TEAM = 7HTVY344X7;
				ENABLE_PREVIEWS = YES;
				GENERATE_INFOPLIST_FILE = YES;
				INFOPLIST_KEY_UIApplicationSceneManifest_Generation = YES;
				INFOPLIST_KEY_UIApplicationSupportsIndirectInputEvents = YES;
				INFOPLIST_KEY_UILaunchScreen_Generation = YES;
				INFOPLIST_KEY_UISupportedInterfaceOrientations_iPad = "UIInterfaceOrientationPortrait UIInterfaceOrientationPortraitUpsideDown UIInterfaceOrientationLandscapeLeft UIInterfaceOrientationLandscapeRight";
				INFOPLIST_KEY_UISupportedInterfaceOrientations_iPhone = "UIInterfaceOrientationPortrait UIInterfaceOrientationLandscapeLeft UIInterfaceOrientationLandscapeRight";
				IPHONEOS_DEPLOYMENT_TARGET = 15.6;
				LD_RUNPATH_SEARCH_PATHS = (
					"$(inherited)",
					"@executable_path/Frameworks",
				);
				MARKETING_VERSION = 1.0;
				PRODUCT_BUNDLE_IDENTIFIER = app.cherrystudio.demo;
				PRODUCT_NAME = "$(TARGET_NAME)";
				SWIFT_EMIT_LOC_STRINGS = YES;
				SWIFT_VERSION = 5.0;
				TARGETED_DEVICE_FAMILY = "1,2";
			};
			name = Debug;
		};
		E26FEAE92941731000FDEAAF /* Release */ = {
			isa = XCBuildConfiguration;
			buildSettings = {
				ASSETCATALOG_COMPILER_APPICON_NAME = AppIcon;
				ASSETCATALOG_COMPILER_GLOBAL_ACCENT_COLOR_NAME = AccentColor;
				CODE_SIGN_STYLE = Automatic;
				CURRENT_PROJECT_VERSION = 1;
				DEVELOPMENT_ASSET_PATHS = "\"TheFirstAPP/Preview Content\"";
				DEVELOPMENT_TEAM = 7HTVY344X7;
				ENABLE_PREVIEWS = YES;
				GENERATE_INFOPLIST_FILE = YES;
				INFOPLIST_KEY_UIApplicationSceneManifest_Generation = YES;
				INFOPLIST_KEY_UIApplicationSupportsIndirectInputEvents = YES;
				INFOPLIST_KEY_UILaunchScreen_Generation = YES;
				INFOPLIST_KEY_UISupportedInterfaceOrientations_iPad = "UIInterfaceOrientationPortrait UIInterfaceOrientationPortraitUpsideDown UIInterfaceOrientationLandscapeLeft UIInterfaceOrientationLandscapeRight";
				INFOPLIST_KEY_UISupportedInterfaceOrientations_iPhone = "UIInterfaceOrientationPortrait UIInterfaceOrientationLandscapeLeft UIInterfaceOrientationLandscapeRight";
				IPHONEOS_DEPLOYMENT_TARGET = 15.6;
				LD_RUNPATH_SEARCH_PATHS = (
					"$(inherited)",
					"@executable_path/Frameworks",
				);
				MARKETING_VERSION = 1.0;
				PRODUCT_BUNDLE_IDENTIFIER = app.cherrystudio.demo;
				PRODUCT_NAME = "$(TARGET_NAME)";
				SWIFT_EMIT_LOC_STRINGS = YES;
				SWIFT_VERSION = 5.0;
				TARGETED_DEVICE_FAMILY = "1,2";
			};
			name = Release;
		};
/* End XCBuildConfiguration section */

/* Begin XCConfigurationList section */
		E26FEAD42941730C00FDEAAF /* Build configuration list for PBXProject "TheFirstAPP" */ = {
			isa = XCConfigurationList;
			buildConfigurations = (
				E26FEAE52941731000FDEAAF /* Debug */,
				E26FEAE62941731000FDEAAF /* Release */,
			);
			defaultConfigurationIsVisible = 0;
			defaultConfigurationName = Release;
		};
		E26FEAE72941731000FDEAAF /* Build configuration list for PBXNativeTarget "TheFirstAPP" */ = {
			isa = XCConfigurationList;
			buildConfigurations = (
				E26FEAE82941731000FDEAAF /* Debug */,
				E26FEAE92941731000FDEAAF /* Release */,
			);
			defaultConfigurationIsVisible = 0;
			defaultConfigurationName = Release;
		};
/* End XCConfigurationList section */

/* Begin XCRemoteSwiftPackageReference section */
		ECB6085929501BD70052AF45 /* XCRemoteSwiftPackageReference "firebase-ios-sdk" */ = {
			isa = XCRemoteSwiftPackageReference;
			repositoryURL = "https://github.com/firebase/firebase-ios-sdk";
			requirement = {
				kind = upToNextMajorVersion;
				minimumVersion = 9.6.0;
			};
		};
/* End XCRemoteSwiftPackageReference section */

/* Begin XCSwiftPackageProductDependency section */
		ECA9567929646552007408FF /* FirebaseFirestoreCombine-Community */ = {
			isa = XCSwiftPackageProductDependency;
			package = ECB6085929501BD70052AF45 /* XCRemoteSwiftPackageReference "firebase-ios-sdk" */;
			productName = "FirebaseFirestoreCombine-Community";
		};
		ECA9567B29646562007408FF /* FirebaseFirestore */ = {
			isa = XCSwiftPackageProductDependency;
			package = ECB6085929501BD70052AF45 /* XCRemoteSwiftPackageReference "firebase-ios-sdk" */;
			productName = FirebaseFirestore;
		};
		ECA9567D2964661B007408FF /* FirebaseAuth */ = {
			isa = XCSwiftPackageProductDependency;
			package = ECB6085929501BD70052AF45 /* XCRemoteSwiftPackageReference "firebase-ios-sdk" */;
			productName = FirebaseAuth;
		};
		ECA9567F2964663B007408FF /* FirebaseFirestoreSwift */ = {
			isa = XCSwiftPackageProductDependency;
			package = ECB6085929501BD70052AF45 /* XCRemoteSwiftPackageReference "firebase-ios-sdk" */;
			productName = FirebaseFirestoreSwift;
		};
		ECA956812964664D007408FF /* FirebaseStorageCombine-Community */ = {
			isa = XCSwiftPackageProductDependency;
			package = ECB6085929501BD70052AF45 /* XCRemoteSwiftPackageReference "firebase-ios-sdk" */;
			productName = "FirebaseStorageCombine-Community";
		};
		ECA9568329646682007408FF /* FirebaseStorage */ = {
			isa = XCSwiftPackageProductDependency;
			package = ECB6085929501BD70052AF45 /* XCRemoteSwiftPackageReference "firebase-ios-sdk" */;
			productName = FirebaseStorage;
		};
/* End XCSwiftPackageProductDependency section */
	};
	rootObject = E26FEAD12941730C00FDEAAF /* Project object */;
}
